// !$*UTF8*$!
{
	archiveVersion = 1;
	classes = {
	};
	objectVersion = 56;
	objects = {

/* Begin PBXBuildFile section */
		/* Main App Files */
		APP001 /* PrayerLockApp.swift in Sources */ = {isa = PBXBuildFile; fileRef = SRC001; };
		APP002 /* AppState.swift in Sources */ = {isa = PBXBuildFile; fileRef = SRC002; };
		APP003 /* DesignSystem.swift in Sources */ = {isa = PBXBuildFile; fileRef = SRC003; };
		APP004 /* RootView.swift in Sources */ = {isa = PBXBuildFile; fileRef = SRC004; };
		
		/* Models */
		MOD001 /* PrayerSession.swift in Sources */ = {isa = PBXBuildFile; fileRef = SRC101; };
		MOD002 /* DailyStreak.swift in Sources */ = {isa = PBXBuildFile; fileRef = SRC102; };
		MOD003 /* UserSettings.swift in Sources */ = {isa = PBXBuildFile; fileRef = SRC103; };
		MOD004 /* Verse.swift in Sources */ = {isa = PBXBuildFile; fileRef = SRC104; };
		
		/* Managers */
		MGR001 /* BlockingManager.swift in Sources */ = {isa = PBXBuildFile; fileRef = SRC201; };
		MGR002 /* SubscriptionManager.swift in Sources */ = {isa = PBXBuildFile; fileRef = SRC202; };
		MGR003 /* StatsManager.swift in Sources */ = {isa = PBXBuildFile; fileRef = SRC203; };
		
		/* Services */
		SVC001 /* PrayerService.swift in Sources */ = {isa = PBXBuildFile; fileRef = SRC301; };
		
		/* Views */
		VW001 /* MainTabView.swift in Sources */ = {isa = PBXBuildFile; fileRef = SRC401; };
		VW002 /* HomeView.swift in Sources */ = {isa = PBXBuildFile; fileRef = SRC402; };
		VW003 /* OnboardingView.swift in Sources */ = {isa = PBXBuildFile; fileRef = SRC403; };
		VW004 /* PrayerFlowView.swift in Sources */ = {isa = PBXBuildFile; fileRef = SRC404; };
		VW005 /* MoodSelectionView.swift in Sources */ = {isa = PBXBuildFile; fileRef = SRC405; };
		VW006 /* PrayerDisplayView.swift in Sources */ = {isa = PBXBuildFile; fileRef = SRC406; };
		VW007 /* TimerView.swift in Sources */ = {isa = PBXBuildFile; fileRef = SRC407; };
		VW008 /* CompletionView.swift in Sources */ = {isa = PBXBuildFile; fileRef = SRC408; };
		VW009 /* StatsView.swift in Sources */ = {isa = PBXBuildFile; fileRef = SRC409; };
		VW010 /* VerseView.swift in Sources */ = {isa = PBXBuildFile; fileRef = SRC410; };
		VW011 /* SettingsView.swift in Sources */ = {isa = PBXBuildFile; fileRef = SRC411; };
		VW012 /* PaywallView.swift in Sources */ = {isa = PBXBuildFile; fileRef = SRC412; };
		
		/* Components */
		CMP001 /* MoodChip.swift in Sources */ = {isa = PBXBuildFile; fileRef = SRC501; };
		CMP002 /* TimerRing.swift in Sources */ = {isa = PBXBuildFile; fileRef = SRC502; };
		CMP003 /* StreakBadge.swift in Sources */ = {isa = PBXBuildFile; fileRef = SRC503; };
		CMP004 /* StatCard.swift in Sources */ = {isa = PBXBuildFile; fileRef = SRC504; };
		CMP005 /* GlassCard.swift in Sources */ = {isa = PBXBuildFile; fileRef = SRC505; };
		CMP006 /* AnimatedBackground.swift in Sources */ = {isa = PBXBuildFile; fileRef = SRC506; };
		
		/* Extensions */
		EXT001 /* Date+Extensions.swift in Sources */ = {isa = PBXBuildFile; fileRef = SRC601; };
		EXT002 /* View+Extensions.swift in Sources */ = {isa = PBXBuildFile; fileRef = SRC602; };
		
		/* Resources */
		RES001 /* Assets.xcassets in Resources */ = {isa = PBXBuildFile; fileRef = SRC701; };
/* End PBXBuildFile section */

/* Begin PBXFileReference section */
		/* App */
		PROD001 /* PrayerLock.app */ = {isa = PBXFileReference; explicitFileType = wrapper.application; includeInIndex = 0; path = PrayerLock.app; sourceTree = BUILT_PRODUCTS_DIR; };
		
		/* Source Files */
		SRC001 /* PrayerLockApp.swift */ = {isa = PBXFileReference; lastKnownFileType = sourcecode.swift; path = PrayerLockApp.swift; sourceTree = "<group>"; };
		SRC002 /* AppState.swift */ = {isa = PBXFileReference; lastKnownFileType = sourcecode.swift; path = AppState.swift; sourceTree = "<group>"; };
		SRC003 /* DesignSystem.swift */ = {isa = PBXFileReference; lastKnownFileType = sourcecode.swift; path = DesignSystem.swift; sourceTree = "<group>"; };
		SRC004 /* RootView.swift */ = {isa = PBXFileReference; lastKnownFileType = sourcecode.swift; path = RootView.swift; sourceTree = "<group>"; };
		
		SRC101 /* PrayerSession.swift */ = {isa = PBXFileReference; lastKnownFileType = sourcecode.swift; path = PrayerSession.swift; sourceTree = "<group>"; };
		SRC102 /* DailyStreak.swift */ = {isa = PBXFileReference; lastKnownFileType = sourcecode.swift; path = DailyStreak.swift; sourceTree = "<group>"; };
		SRC103 /* UserSettings.swift */ = {isa = PBXFileReference; lastKnownFileType = sourcecode.swift; path = UserSettings.swift; sourceTree = "<group>"; };
		SRC104 /* Verse.swift */ = {isa = PBXFileReference; lastKnownFileType = sourcecode.swift; path = Verse.swift; sourceTree = "<group>"; };
		
		SRC201 /* BlockingManager.swift */ = {isa = PBXFileReference; lastKnownFileType = sourcecode.swift; path = BlockingManager.swift; sourceTree = "<group>"; };
		SRC202 /* SubscriptionManager.swift */ = {isa = PBXFileReference; lastKnownFileType = sourcecode.swift; path = SubscriptionManager.swift; sourceTree = "<group>"; };
		SRC203 /* StatsManager.swift */ = {isa = PBXFileReference; lastKnownFileType = sourcecode.swift; path = StatsManager.swift; sourceTree = "<group>"; };
		
		SRC301 /* PrayerService.swift */ = {isa = PBXFileReference; lastKnownFileType = sourcecode.swift; path = PrayerService.swift; sourceTree = "<group>"; };
		
		SRC401 /* MainTabView.swift */ = {isa = PBXFileReference; lastKnownFileType = sourcecode.swift; path = MainTabView.swift; sourceTree = "<group>"; };
		SRC402 /* HomeView.swift */ = {isa = PBXFileReference; lastKnownFileType = sourcecode.swift; path = HomeView.swift; sourceTree = "<group>"; };
		SRC403 /* OnboardingView.swift */ = {isa = PBXFileReference; lastKnownFileType = sourcecode.swift; path = OnboardingView.swift; sourceTree = "<group>"; };
		SRC404 /* PrayerFlowView.swift */ = {isa = PBXFileReference; lastKnownFileType = sourcecode.swift; path = PrayerFlowView.swift; sourceTree = "<group>"; };
		SRC405 /* MoodSelectionView.swift */ = {isa = PBXFileReference; lastKnownFileType = sourcecode.swift; path = MoodSelectionView.swift; sourceTree = "<group>"; };
		SRC406 /* PrayerDisplayView.swift */ = {isa = PBXFileReference; lastKnownFileType = sourcecode.swift; path = PrayerDisplayView.swift; sourceTree = "<group>"; };
		SRC407 /* TimerView.swift */ = {isa = PBXFileReference; lastKnownFileType = sourcecode.swift; path = TimerView.swift; sourceTree = "<group>"; };
		SRC408 /* CompletionView.swift */ = {isa = PBXFileReference; lastKnownFileType = sourcecode.swift; path = CompletionView.swift; sourceTree = "<group>"; };
		SRC409 /* StatsView.swift */ = {isa = PBXFileReference; lastKnownFileType = sourcecode.swift; path = StatsView.swift; sourceTree = "<group>"; };
		SRC410 /* VerseView.swift */ = {isa = PBXFileReference; lastKnownFileType = sourcecode.swift; path = VerseView.swift; sourceTree = "<group>"; };
		SRC411 /* SettingsView.swift */ = {isa = PBXFileReference; lastKnownFileType = sourcecode.swift; path = SettingsView.swift; sourceTree = "<group>"; };
		SRC412 /* PaywallView.swift */ = {isa = PBXFileReference; lastKnownFileType = sourcecode.swift; path = PaywallView.swift; sourceTree = "<group>"; };
		
		SRC501 /* MoodChip.swift */ = {isa = PBXFileReference; lastKnownFileType = sourcecode.swift; path = MoodChip.swift; sourceTree = "<group>"; };
		SRC502 /* TimerRing.swift */ = {isa = PBXFileReference; lastKnownFileType = sourcecode.swift; path = TimerRing.swift; sourceTree = "<group>"; };
		SRC503 /* StreakBadge.swift */ = {isa = PBXFileReference; lastKnownFileType = sourcecode.swift; path = StreakBadge.swift; sourceTree = "<group>"; };
		SRC504 /* StatCard.swift */ = {isa = PBXFileReference; lastKnownFileType = sourcecode.swift; path = StatCard.swift; sourceTree = "<group>"; };
		SRC505 /* GlassCard.swift */ = {isa = PBXFileReference; lastKnownFileType = sourcecode.swift; path = GlassCard.swift; sourceTree = "<group>"; };
		SRC506 /* AnimatedBackground.swift */ = {isa = PBXFileReference; lastKnownFileType = sourcecode.swift; path = AnimatedBackground.swift; sourceTree = "<group>"; };
		
		SRC601 /* Date+Extensions.swift */ = {isa = PBXFileReference; lastKnownFileType = sourcecode.swift; path = "Date+Extensions.swift"; sourceTree = "<group>"; };
		SRC602 /* View+Extensions.swift */ = {isa = PBXFileReference; lastKnownFileType = sourcecode.swift; path = "View+Extensions.swift"; sourceTree = "<group>"; };
		
		SRC701 /* Assets.xcassets */ = {isa = PBXFileReference; lastKnownFileType = folder.assetcatalog; path = Assets.xcassets; sourceTree = "<group>"; };
		SRC702 /* Info.plist */ = {isa = PBXFileReference; lastKnownFileType = text.plist.xml; path = Info.plist; sourceTree = "<group>"; };
		SRC703 /* PrayerLock.entitlements */ = {isa = PBXFileReference; lastKnownFileType = text.plist.entitlements; path = PrayerLock.entitlements; sourceTree = "<group>"; };
/* End PBXFileReference section */

/* Begin PBXFrameworksBuildPhase section */
		FRM001 /* Frameworks */ = {
			isa = PBXFrameworksBuildPhase;
			buildActionMask = 2147483647;
			files = (
			);
			runOnlyForDeploymentPostprocessing = 0;
		};
/* End PBXFrameworksBuildPhase section */

/* Begin PBXGroup section */
		GRP000 = {
			isa = PBXGroup;
			children = (
				GRP001 /* PrayerLock */,
				GRPPROD /* Products */,
			);
			sourceTree = "<group>";
		};
		GRPPROD /* Products */ = {
			isa = PBXGroup;
			children = (
				PROD001 /* PrayerLock.app */,
			);
			name = Products;
			sourceTree = "<group>";
		};
		GRP001 /* PrayerLock */ = {
			isa = PBXGroup;
			children = (
				GRP002 /* App */,
				GRP003 /* Models */,
				GRP004 /* Managers */,
				GRP005 /* Services */,
				GRP006 /* Views */,
				GRP007 /* Extensions */,
				GRP008 /* Resources */,
			);
			path = PrayerLock;
			sourceTree = "<group>";
		};
		GRP002 /* App */ = {
			isa = PBXGroup;
			children = (
				SRC001 /* PrayerLockApp.swift */,
				SRC002 /* AppState.swift */,
				SRC003 /* DesignSystem.swift */,
				SRC004 /* RootView.swift */,
			);
			path = App;
			sourceTree = "<group>";
		};
		GRP003 /* Models */ = {
			isa = PBXGroup;
			children = (
				SRC101 /* PrayerSession.swift */,
				SRC102 /* DailyStreak.swift */,
				SRC103 /* UserSettings.swift */,
				SRC104 /* Verse.swift */,
			);
			path = Models;
			sourceTree = "<group>";
		};
		GRP004 /* Managers */ = {
			isa = PBXGroup;
			children = (
				SRC201 /* BlockingManager.swift */,
				SRC202 /* SubscriptionManager.swift */,
				SRC203 /* StatsManager.swift */,
			);
			path = Managers;
			sourceTree = "<group>";
		};
		GRP005 /* Services */ = {
			isa = PBXGroup;
			children = (
				SRC301 /* PrayerService.swift */,
			);
			path = Services;
			sourceTree = "<group>";
		};
		GRP006 /* Views */ = {
			isa = PBXGroup;
			children = (
				SRC401 /* MainTabView.swift */,
				SRC402 /* HomeView.swift */,
				GRP061 /* Onboarding */,
				GRP062 /* Prayer */,
				GRP063 /* Timer */,
				GRP064 /* Stats */,
				GRP065 /* Verse */,
				GRP066 /* Settings */,
				GRP067 /* Paywall */,
				GRP068 /* Components */,
			);
			path = Views;
			sourceTree = "<group>";
		};
		GRP061 /* Onboarding */ = {
			isa = PBXGroup;
			children = (
				SRC403 /* OnboardingView.swift */,
			);
			path = Onboarding;
			sourceTree = "<group>";
		};
		GRP062 /* Prayer */ = {
			isa = PBXGroup;
			children = (
				SRC404 /* PrayerFlowView.swift */,
				SRC405 /* MoodSelectionView.swift */,
				SRC406 /* PrayerDisplayView.swift */,
				SRC408 /* CompletionView.swift */,
			);
			path = Prayer;
			sourceTree = "<group>";
		};
		GRP063 /* Timer */ = {
			isa = PBXGroup;
			children = (
				SRC407 /* TimerView.swift */,
			);
			path = Timer;
			sourceTree = "<group>";
		};
		GRP064 /* Stats */ = {
			isa = PBXGroup;
			children = (
				SRC409 /* StatsView.swift */,
			);
			path = Stats;
			sourceTree = "<group>";
		};
		GRP065 /* Verse */ = {
			isa = PBXGroup;
			children = (
				SRC410 /* VerseView.swift */,
			);
			path = Verse;
			sourceTree = "<group>";
		};
		GRP066 /* Settings */ = {
			isa = PBXGroup;
			children = (
				SRC411 /* SettingsView.swift */,
			);
			path = Settings;
			sourceTree = "<group>";
		};
		GRP067 /* Paywall */ = {
			isa = PBXGroup;
			children = (
				SRC412 /* PaywallView.swift */,
			);
			path = Paywall;
			sourceTree = "<group>";
		};
		GRP068 /* Components */ = {
			isa = PBXGroup;
			children = (
				SRC501 /* MoodChip.swift */,
				SRC502 /* TimerRing.swift */,
				SRC503 /* StreakBadge.swift */,
				SRC504 /* StatCard.swift */,
				SRC505 /* GlassCard.swift */,
				SRC506 /* AnimatedBackground.swift */,
			);
			path = Components;
			sourceTree = "<group>";
		};
		GRP007 /* Extensions */ = {
			isa = PBXGroup;
			children = (
				SRC601 /* Date+Extensions.swift */,
				SRC602 /* View+Extensions.swift */,
			);
			path = Extensions;
			sourceTree = "<group>";
		};
		GRP008 /* Resources */ = {
			isa = PBXGroup;
			children = (
				SRC701 /* Assets.xcassets */,
				SRC702 /* Info.plist */,
				SRC703 /* PrayerLock.entitlements */,
			);
			path = Resources;
			sourceTree = "<group>";
		};
/* End PBXGroup section */

/* Begin PBXNativeTarget section */
		TGT001 /* PrayerLock */ = {
			isa = PBXNativeTarget;
			buildConfigurationList = CFG002 /* Build configuration list for PBXNativeTarget "PrayerLock" */;
			buildPhases = (
				SRC999 /* Sources */,
				FRM001 /* Frameworks */,
				RES999 /* Resources */,
			);
			buildRules = (
			);
			dependencies = (
			);
			name = PrayerLock;
			productName = PrayerLock;
			productReference = PROD001 /* PrayerLock.app */;
			productType = "com.apple.product-type.application";
		};
/* End PBXNativeTarget section */

/* Begin PBXProject section */
		PRJ001 /* Project object */ = {
			isa = PBXProject;
			attributes = {
				BuildIndependentTargetsInParallel = 1;
				LastSwiftUpdateCheck = 1500;
				LastUpgradeCheck = 1500;
				TargetAttributes = {
					TGT001 = {
						CreatedOnToolsVersion = 15.0;
					};
				};
			};
			buildConfigurationList = CFG001 /* Build configuration list for PBXProject "PrayerLock" */;
			compatibilityVersion = "Xcode 14.0";
			developmentRegion = en;
			hasScannedForEncodings = 0;
			knownRegions = (
				en,
				Base,
			);
			mainGroup = GRP000;
			productRefGroup = GRPPROD /* Products */;
			projectDirPath = "";
			projectRoot = "";
			targets = (
				TGT001 /* PrayerLock */,
			);
		};
/* End PBXProject section */

/* Begin PBXResourcesBuildPhase section */
		RES999 /* Resources */ = {
			isa = PBXResourcesBuildPhase;
			buildActionMask = 2147483647;
			files = (
				RES001 /* Assets.xcassets in Resources */,
			);
			runOnlyForDeploymentPostprocessing = 0;
		};
/* End PBXResourcesBuildPhase section */

/* Begin PBXSourcesBuildPhase section */
		SRC999 /* Sources */ = {
			isa = PBXSourcesBuildPhase;
			buildActionMask = 2147483647;
			files = (
				APP001 /* PrayerLockApp.swift in Sources */,
				APP002 /* AppState.swift in Sources */,
				APP003 /* DesignSystem.swift in Sources */,
				APP004 /* RootView.swift in Sources */,
				MOD001 /* PrayerSession.swift in Sources */,
				MOD002 /* DailyStreak.swift in Sources */,
				MOD003 /* UserSettings.swift in Sources */,
				MOD004 /* Verse.swift in Sources */,
				MGR001 /* BlockingManager.swift in Sources */,
				MGR002 /* SubscriptionManager.swift in Sources */,
				MGR003 /* StatsManager.swift in Sources */,
				SVC001 /* PrayerService.swift in Sources */,
				VW001 /* MainTabView.swift in Sources */,
				VW002 /* HomeView.swift in Sources */,
				VW003 /* OnboardingView.swift in Sources */,
				VW004 /* PrayerFlowView.swift in Sources */,
				VW005 /* MoodSelectionView.swift in Sources */,
				VW006 /* PrayerDisplayView.swift in Sources */,
				VW007 /* TimerView.swift in Sources */,
				VW008 /* CompletionView.swift in Sources */,
				VW009 /* StatsView.swift in Sources */,
				VW010 /* VerseView.swift in Sources */,
				VW011 /* SettingsView.swift in Sources */,
				VW012 /* PaywallView.swift in Sources */,
				CMP001 /* MoodChip.swift in Sources */,
				CMP002 /* TimerRing.swift in Sources */,
				CMP003 /* StreakBadge.swift in Sources */,
				CMP004 /* StatCard.swift in Sources */,
				CMP005 /* GlassCard.swift in Sources */,
				CMP006 /* AnimatedBackground.swift in Sources */,
				EXT001 /* Date+Extensions.swift in Sources */,
				EXT002 /* View+Extensions.swift in Sources */,
			);
			runOnlyForDeploymentPostprocessing = 0;
		};
/* End PBXSourcesBuildPhase section */

/* Begin XCBuildConfiguration section */
		CFG101 /* Debug */ = {
			isa = XCBuildConfiguration;
			buildSettings = {
				ALWAYS_SEARCH_USER_PATHS = NO;
				ASSETCATALOG_COMPILER_GENERATE_SWIFT_ASSET_SYMBOL_EXTENSIONS = YES;
				CLANG_ANALYZER_NONNULL = YES;
				CLANG_ANALYZER_NUMBER_OBJECT_CONVERSION = YES_AGGRESSIVE;
				CLANG_CXX_LANGUAGE_STANDARD = "gnu++20";
				CLANG_ENABLE_MODULES = YES;
				CLANG_ENABLE_OBJC_ARC = YES;
				CLANG_ENABLE_OBJC_WEAK = YES;
				CLANG_WARN_BLOCK_CAPTURE_AUTORELEASING = YES;
				CLANG_WARN_BOOL_CONVERSION = YES;
				CLANG_WARN_COMMA = YES;
				CLANG_WARN_CONSTANT_CONVERSION = YES;
				CLANG_WARN_DEPRECATED_OBJC_IMPLEMENTATIONS = YES;
				CLANG_WARN_DIRECT_OBJC_ISA_USAGE = YES_ERROR;
				CLANG_WARN_DOCUMENTATION_COMMENTS = YES;
				CLANG_WARN_EMPTY_BODY = YES;
				CLANG_WARN_ENUM_CONVERSION = YES;
				CLANG_WARN_INFINITE_RECURSION = YES;
				CLANG_WARN_INT_CONVERSION = YES;
				CLANG_WARN_NON_LITERAL_NULL_CONVERSION = YES;
				CLANG_WARN_OBJC_IMPLICIT_RETAIN_SELF = YES;
				CLANG_WARN_OBJC_LITERAL_CONVERSION = YES;
				CLANG_WARN_OBJC_ROOT_CLASS = YES_ERROR;
				CLANG_WARN_QUOTED_INCLUDE_IN_FRAMEWORK_HEADER = YES;
				CLANG_WARN_RANGE_LOOP_ANALYSIS = YES;
				CLANG_WARN_STRICT_PROTOTYPES = YES;
				CLANG_WARN_SUSPICIOUS_MOVE = YES;
				CLANG_WARN_UNGUARDED_AVAILABILITY = YES_AGGRESSIVE;
				CLANG_WARN_UNREACHABLE_CODE = YES;
				CLANG_WARN__DUPLICATE_METHOD_MATCH = YES;
				COPY_PHASE_STRIP = NO;
				DEBUG_INFORMATION_FORMAT = dwarf;
				ENABLE_STRICT_OBJC_MSGSEND = YES;
				ENABLE_TESTABILITY = YES;
				ENABLE_USER_SCRIPT_SANDBOXING = YES;
				GCC_C_LANGUAGE_STANDARD = gnu17;
				GCC_DYNAMIC_NO_PIC = NO;
				GCC_NO_COMMON_BLOCKS = YES;
				GCC_OPTIMIZATION_LEVEL = 0;
				GCC_PREPROCESSOR_DEFINITIONS = (
					"DEBUG=1",
					"$(inherited)",
				);
				GCC_WARN_64_TO_32_BIT_CONVERSION = YES;
				GCC_WARN_ABOUT_RETURN_TYPE = YES_ERROR;
				GCC_WARN_UNDECLARED_SELECTOR = YES;
				GCC_WARN_UNINITIALIZED_AUTOS = YES_AGGRESSIVE;
				GCC_WARN_UNUSED_FUNCTION = YES;
				GCC_WARN_UNUSED_VARIABLE = YES;
				IPHONEOS_DEPLOYMENT_TARGET = 17.0;
				LOCALIZATION_PREFERS_STRING_CATALOGS = YES;
				MTL_ENABLE_DEBUG_INFO = INCLUDE_SOURCE;
				MTL_FAST_MATH = YES;
				ONLY_ACTIVE_ARCH = YES;
				SDKROOT = iphoneos;
				SWIFT_ACTIVE_COMPILATION_CONDITIONS = "DEBUG $(inherited)";
				SWIFT_OPTIMIZATION_LEVEL = "-Onone";
			};
			name = Debug;
		};
		CFG102 /* Release */ = {
			isa = XCBuildConfiguration;
			buildSettings = {
				ALWAYS_SEARCH_USER_PATHS = NO;
				ASSETCATALOG_COMPILER_GENERATE_SWIFT_ASSET_SYMBOL_EXTENSIONS = YES;
				CLANG_ANALYZER_NONNULL = YES;
				CLANG_ANALYZER_NUMBER_OBJECT_CONVERSION = YES_AGGRESSIVE;
				CLANG_CXX_LANGUAGE_STANDARD = "gnu++20";
				CLANG_ENABLE_MODULES = YES;
				CLANG_ENABLE_OBJC_ARC = YES;
				CLANG_ENABLE_OBJC_WEAK = YES;
				CLANG_WARN_BLOCK_CAPTURE_AUTORELEASING = YES;
				CLANG_WARN_BOOL_CONVERSION = YES;
				CLANG_WARN_COMMA = YES;
				CLANG_WARN_CONSTANT_CONVERSION = YES;
				CLANG_WARN_DEPRECATED_OBJC_IMPLEMENTATIONS = YES;
				CLANG_WARN_DIRECT_OBJC_ISA_USAGE = YES_ERROR;
				CLANG_WARN_DOCUMENTATION_COMMENTS = YES;
				CLANG_WARN_EMPTY_BODY = YES;
				CLANG_WARN_ENUM_CONVERSION = YES;
				CLANG_WARN_INFINITE_RECURSION = YES;
				CLANG_WARN_INT_CONVERSION = YES;
				CLANG_WARN_NON_LITERAL_NULL_CONVERSION = YES;
				CLANG_WARN_OBJC_IMPLICIT_RETAIN_SELF = YES;
				CLANG_WARN_OBJC_LITERAL_CONVERSION = YES;
				CLANG_WARN_OBJC_ROOT_CLASS = YES_ERROR;
				CLANG_WARN_QUOTED_INCLUDE_IN_FRAMEWORK_HEADER = YES;
				CLANG_WARN_RANGE_LOOP_ANALYSIS = YES;
				CLANG_WARN_STRICT_PROTOTYPES = YES;
				CLANG_WARN_SUSPICIOUS_MOVE = YES;
				CLANG_WARN_UNGUARDED_AVAILABILITY = YES_AGGRESSIVE;
				CLANG_WARN_UNREACHABLE_CODE = YES;
				CLANG_WARN__DUPLICATE_METHOD_MATCH = YES;
				COPY_PHASE_STRIP = NO;
				DEBUG_INFORMATION_FORMAT = "dwarf-with-dsym";
				ENABLE_NS_ASSERTIONS = NO;
				ENABLE_STRICT_OBJC_MSGSEND = YES;
				ENABLE_USER_SCRIPT_SANDBOXING = YES;
				GCC_C_LANGUAGE_STANDARD = gnu17;
				GCC_NO_COMMON_BLOCKS = YES;
				GCC_WARN_64_TO_32_BIT_CONVERSION = YES;
				GCC_WARN_ABOUT_RETURN_TYPE = YES_ERROR;
				GCC_WARN_UNDECLARED_SELECTOR = YES;
				GCC_WARN_UNINITIALIZED_AUTOS = YES_AGGRESSIVE;
				GCC_WARN_UNUSED_FUNCTION = YES;
				GCC_WARN_UNUSED_VARIABLE = YES;
				IPHONEOS_DEPLOYMENT_TARGET = 17.0;
				LOCALIZATION_PREFERS_STRING_CATALOGS = YES;
				MTL_ENABLE_DEBUG_INFO = NO;
				MTL_FAST_MATH = YES;
				SDKROOT = iphoneos;
				SWIFT_COMPILATION_MODE = wholemodule;
				VALIDATE_PRODUCT = YES;
			};
			name = Release;
		};
		CFG201 /* Debug */ = {
			isa = XCBuildConfiguration;
			buildSettings = {
				ASSETCATALOG_COMPILER_APPICON_NAME = AppIcon;
				ASSETCATALOG_COMPILER_GLOBAL_ACCENT_COLOR_NAME = AccentColor;
				CODE_SIGN_ENTITLEMENTS = PrayerLock/PrayerLock.entitlements;
				CODE_SIGN_STYLE = Automatic;
				CURRENT_PROJECT_VERSION = 1;
				DEVELOPMENT_ASSET_PATHS = "";
				DEVELOPMENT_TEAM = "";
				ENABLE_PREVIEWS = YES;
				GENERATE_INFOPLIST_FILE = YES;
				INFOPLIST_FILE = PrayerLock/Info.plist;
				INFOPLIST_KEY_CFBundleDisplayName = "Prayer Lock";
				INFOPLIST_KEY_LSApplicationCategoryType = "public.app-category.lifestyle";
				INFOPLIST_KEY_UIApplicationSceneManifest_Generation = YES;
				INFOPLIST_KEY_UIApplicationSupportsIndirectInputEvents = YES;
				INFOPLIST_KEY_UILaunchScreen_Generation = YES;
				INFOPLIST_KEY_UISupportedInterfaceOrientations = UIInterfaceOrientationPortrait;
				INFOPLIST_KEY_UISupportedInterfaceOrientations_iPad = "UIInterfaceOrientationLandscapeLeft UIInterfaceOrientationLandscapeRight UIInterfaceOrientationPortrait UIInterfaceOrientationPortraitUpsideDown";
				LD_RUNPATH_SEARCH_PATHS = (
					"$(inherited)",
					"@executable_path/Frameworks",
				);
				MARKETING_VERSION = 1.0.0;
				PRODUCT_BUNDLE_IDENTIFIER = com.prayerlock.app;
				PRODUCT_NAME = "$(TARGET_NAME)";
				SUPPORTED_PLATFORMS = "iphoneos iphonesimulator";
				SUPPORTS_MACCATALYST = NO;
				SWIFT_EMIT_LOC_STRINGS = YES;
				SWIFT_VERSION = 5.0;
				TARGETED_DEVICE_FAMILY = "1,2";
			};
			name = Debug;
		};
		CFG202 /* Release */ = {
			isa = XCBuildConfiguration;
			buildSettings = {
				ASSETCATALOG_COMPILER_APPICON_NAME = AppIcon;
				ASSETCATALOG_COMPILER_GLOBAL_ACCENT_COLOR_NAME = AccentColor;
				CODE_SIGN_ENTITLEMENTS = PrayerLock/PrayerLock.entitlements;
				CODE_SIGN_STYLE = Automatic;
				CURRENT_PROJECT_VERSION = 1;
				DEVELOPMENT_ASSET_PATHS = "";
				DEVELOPMENT_TEAM = "";
				ENABLE_PREVIEWS = YES;
				GENERATE_INFOPLIST_FILE = YES;
				INFOPLIST_FILE = PrayerLock/Info.plist;
				INFOPLIST_KEY_CFBundleDisplayName = "Prayer Lock";
				INFOPLIST_KEY_LSApplicationCategoryType = "public.app-category.lifestyle";
				INFOPLIST_KEY_UIApplicationSceneManifest_Generation = YES;
				INFOPLIST_KEY_UIApplicationSupportsIndirectInputEvents = YES;
				INFOPLIST_KEY_UILaunchScreen_Generation = YES;
				INFOPLIST_KEY_UISupportedInterfaceOrientations = UIInterfaceOrientationPortrait;
				INFOPLIST_KEY_UISupportedInterfaceOrientations_iPad = "UIInterfaceOrientationLandscapeLeft UIInterfaceOrientationLandscapeRight UIInterfaceOrientationPortrait UIInterfaceOrientationPortraitUpsideDown";
				LD_RUNPATH_SEARCH_PATHS = (
					"$(inherited)",
					"@executable_path/Frameworks",
				);
				MARKETING_VERSION = 1.0.0;
				PRODUCT_BUNDLE_IDENTIFIER = com.prayerlock.app;
				PRODUCT_NAME = "$(TARGET_NAME)";
				SUPPORTED_PLATFORMS = "iphoneos iphonesimulator";
				SUPPORTS_MACCATALYST = NO;
				SWIFT_EMIT_LOC_STRINGS = YES;
				SWIFT_VERSION = 5.0;
				TARGETED_DEVICE_FAMILY = "1,2";
			};
			name = Release;
		};
/* End XCBuildConfiguration section */

/* Begin XCConfigurationList section */
		CFG001 /* Build configuration list for PBXProject "PrayerLock" */ = {
			isa = XCConfigurationList;
			buildConfigurations = (
				CFG101 /* Debug */,
				CFG102 /* Release */,
			);
			defaultConfigurationIsVisible = 0;
			defaultConfigurationName = Release;
		};
		CFG002 /* Build configuration list for PBXNativeTarget "PrayerLock" */ = {
			isa = XCConfigurationList;
			buildConfigurations = (
				CFG201 /* Debug */,
				CFG202 /* Release */,
			);
			defaultConfigurationIsVisible = 0;
			defaultConfigurationName = Release;
		};
/* End XCConfigurationList section */
	};
	rootObject = PRJ001 /* Project object */;
}
